// !$*UTF8*$!
{
	archiveVersion = 1;
	classes = {
	};
	objectVersion = 46;
	objects = {

/* Begin PBXBuildFile section */
		070B850618616FBE00609C72 /* FCAManureCell.m in Sources */ = {isa = PBXBuildFile; fileRef = 070B850518616FBE00609C72 /* FCAManureCell.m */; };
		070F18E418574C9D0008FA19 /* FCAFieldsViewController.m in Sources */ = {isa = PBXBuildFile; fileRef = 070F18E318574C9D0008FA19 /* FCAFieldsViewController.m */; };
		070F18E9185762990008FA19 /* FCAFieldCell.m in Sources */ = {isa = PBXBuildFile; fileRef = 070F18E8185762990008FA19 /* FCAFieldCell.m */; };
		0717179C189E589D00BD6C82 /* FCAAboutViewController.m in Sources */ = {isa = PBXBuildFile; fileRef = 0717179B189E589D00BD6C82 /* FCAAboutViewController.m */; };
		0717179E189E5E4D00BD6C82 /* about.html in Resources */ = {isa = PBXBuildFile; fileRef = 0717179D189E5E4D00BD6C82 /* about.html */; };
		071CF1D5185EF7EB00F0224B /* manure_types.plist in Resources */ = {isa = PBXBuildFile; fileRef = 071CF1D2185EF7EB00F0224B /* manure_types.plist */; };
		071CF1D6185EF7EB00F0224B /* manure_types.plist in Resources */ = {isa = PBXBuildFile; fileRef = 071CF1D2185EF7EB00F0224B /* manure_types.plist */; };
		071CF1D7185EF7EB00F0224B /* Model.xcdatamodeld in Sources */ = {isa = PBXBuildFile; fileRef = 071CF1D3185EF7EB00F0224B /* Model.xcdatamodeld */; };
		071CF1D8185EF7EB00F0224B /* Model.xcdatamodeld in Sources */ = {isa = PBXBuildFile; fileRef = 071CF1D3185EF7EB00F0224B /* Model.xcdatamodeld */; };
		071CF1F6185F08D400F0224B /* crop_types.plist in Resources */ = {isa = PBXBuildFile; fileRef = 071CF1F5185F08D400F0224B /* crop_types.plist */; };
		071CF1F7185F08D400F0224B /* crop_types.plist in Resources */ = {isa = PBXBuildFile; fileRef = 071CF1F5185F08D400F0224B /* crop_types.plist */; };
		071CF1F9185F08ED00F0224B /* soil_types.plist in Resources */ = {isa = PBXBuildFile; fileRef = 071CF1F8185F08ED00F0224B /* soil_types.plist */; };
		071CF1FA185F08ED00F0224B /* soil_types.plist in Resources */ = {isa = PBXBuildFile; fileRef = 071CF1F8185F08ED00F0224B /* soil_types.plist */; };
		071CF1FD185F0C4D00F0224B /* ManureQuality.m in Sources */ = {isa = PBXBuildFile; fileRef = 071CF1FC185F0C4D00F0224B /* ManureQuality.m */; };
		071CF1FE185F0C4D00F0224B /* ManureQuality.m in Sources */ = {isa = PBXBuildFile; fileRef = 071CF1FC185F0C4D00F0224B /* ManureQuality.m */; };
		071CF201185F0C4E00F0224B /* Field.m in Sources */ = {isa = PBXBuildFile; fileRef = 071CF200185F0C4E00F0224B /* Field.m */; };
		071CF202185F0C4E00F0224B /* Field.m in Sources */ = {isa = PBXBuildFile; fileRef = 071CF200185F0C4E00F0224B /* Field.m */; };
		071CF205185F0C4E00F0224B /* ManureType.m in Sources */ = {isa = PBXBuildFile; fileRef = 071CF204185F0C4E00F0224B /* ManureType.m */; };
		071CF206185F0C4E00F0224B /* ManureType.m in Sources */ = {isa = PBXBuildFile; fileRef = 071CF204185F0C4E00F0224B /* ManureType.m */; };
		071CF20D185F0C4E00F0224B /* CropType.m in Sources */ = {isa = PBXBuildFile; fileRef = 071CF20C185F0C4E00F0224B /* CropType.m */; };
		071CF20E185F0C4E00F0224B /* CropType.m in Sources */ = {isa = PBXBuildFile; fileRef = 071CF20C185F0C4E00F0224B /* CropType.m */; };
		071CF211185F0C4E00F0224B /* SoilType.m in Sources */ = {isa = PBXBuildFile; fileRef = 071CF210185F0C4E00F0224B /* SoilType.m */; };
		071CF212185F0C4E00F0224B /* SoilType.m in Sources */ = {isa = PBXBuildFile; fileRef = 071CF210185F0C4E00F0224B /* SoilType.m */; };
		072B83B518576D7B00339018 /* FCAFieldInfoTableViewController.m in Sources */ = {isa = PBXBuildFile; fileRef = 072B83B418576D7B00339018 /* FCAFieldInfoTableViewController.m */; };
		073028BA185F683900DFD9F9 /* FCASpreadingEventSingleLabelCell.m in Sources */ = {isa = PBXBuildFile; fileRef = 073028B9185F683900DFD9F9 /* FCASpreadingEventSingleLabelCell.m */; };
		073028C6185F6ADE00DFD9F9 /* FCADatePickerCell.m in Sources */ = {isa = PBXBuildFile; fileRef = 073028C5185F6ADE00DFD9F9 /* FCADatePickerCell.m */; };
		073028CC185F6B0200DFD9F9 /* FCAApplicationRateCell.m in Sources */ = {isa = PBXBuildFile; fileRef = 073028CB185F6B0200DFD9F9 /* FCAApplicationRateCell.m */; };
		073028CF185F6B3500DFD9F9 /* FCASquareImageCell.m in Sources */ = {isa = PBXBuildFile; fileRef = 073028CE185F6B3500DFD9F9 /* FCASquareImageCell.m */; };
		07345139184DC316004FBC1E /* SoCMAboutViewController-iPhone.m in Sources */ = {isa = PBXBuildFile; fileRef = 07345138184DC316004FBC1E /* SoCMAboutViewController-iPhone.m */; };
		0734513D184DC717004FBC1E /* UIViewController+FCAFrontPage.m in Sources */ = {isa = PBXBuildFile; fileRef = 0734513C184DC717004FBC1E /* UIViewController+FCAFrontPage.m */; };
		0748E55218728DA6009096A2 /* costings.plist in Resources */ = {isa = PBXBuildFile; fileRef = 0748E55118728DA6009096A2 /* costings.plist */; };
		0748E55318728DA6009096A2 /* costings.plist in Resources */ = {isa = PBXBuildFile; fileRef = 0748E55118728DA6009096A2 /* costings.plist */; };
		074C971818798B0300ED0CB8 /* FCASoilTypeCell.m in Sources */ = {isa = PBXBuildFile; fileRef = 074C971718798B0300ED0CB8 /* FCASoilTypeCell.m */; };
		074C971B18798B1700ED0CB8 /* FCACropTypeCell.m in Sources */ = {isa = PBXBuildFile; fileRef = 074C971A18798B1700ED0CB8 /* FCACropTypeCell.m */; };
		0752D4D9187F09D600803090 /* FCADisclaimerViewController.m in Sources */ = {isa = PBXBuildFile; fileRef = 0752D4D8187F09D600803090 /* FCADisclaimerViewController.m */; };
		07609F5F185B013E00177718 /* FCASpreadingEventViewController.m in Sources */ = {isa = PBXBuildFile; fileRef = 07609F5E185B013E00177718 /* FCASpreadingEventViewController.m */; };
		07609F64185B04A000177718 /* FCASpreadingEventCell.m in Sources */ = {isa = PBXBuildFile; fileRef = 07609F63185B04A000177718 /* FCASpreadingEventCell.m */; };
		07609F69185B0C4E00177718 /* FCASpreadingEventDetailsTableViewController.m in Sources */ = {isa = PBXBuildFile; fileRef = 07609F68185B0C4E00177718 /* FCASpreadingEventDetailsTableViewController.m */; };
		07609F6E185B0CE400177718 /* FCASpreadingEventSummaryTableViewController.m in Sources */ = {isa = PBXBuildFile; fileRef = 07609F6D185B0CE400177718 /* FCASpreadingEventSummaryTableViewController.m */; };
		0768234F18A8ABC9008D67AD /* MessageUI.framework in Frameworks */ = {isa = PBXBuildFile; fileRef = 0768234E18A8ABC9008D67AD /* MessageUI.framework */; };
		0777B4F4184DD4E300842DBA /* CoreData.framework in Frameworks */ = {isa = PBXBuildFile; fileRef = 0777B4F3184DD4E300842DBA /* CoreData.framework */; };
		0777B54A184DDE3C00842DBA /* SoCMViewControllerCommonBase.m in Sources */ = {isa = PBXBuildFile; fileRef = 0777B549184DDE3C00842DBA /* SoCMViewControllerCommonBase.m */; };
		0777B54B184DDE3C00842DBA /* SoCMViewControllerCommonBase.m in Sources */ = {isa = PBXBuildFile; fileRef = 0777B549184DDE3C00842DBA /* SoCMViewControllerCommonBase.m */; };
		077B8408185B78F700D0F002 /* FCADatePickerViewController.m in Sources */ = {isa = PBXBuildFile; fileRef = 077B8407185B78F700D0F002 /* FCADatePickerViewController.m */; };
		077B8414185B89AB00D0F002 /* cattle_100m3.jpg in Resources */ = {isa = PBXBuildFile; fileRef = 077B840B185B89AB00D0F002 /* cattle_100m3.jpg */; };
		077B8415185B89AB00D0F002 /* cattle_100m3.jpg in Resources */ = {isa = PBXBuildFile; fileRef = 077B840B185B89AB00D0F002 /* cattle_100m3.jpg */; };
		077B8416185B89AB00D0F002 /* cattle_25m3.jpg in Resources */ = {isa = PBXBuildFile; fileRef = 077B840C185B89AB00D0F002 /* cattle_25m3.jpg */; };
		077B8417185B89AB00D0F002 /* cattle_25m3.jpg in Resources */ = {isa = PBXBuildFile; fileRef = 077B840C185B89AB00D0F002 /* cattle_25m3.jpg */; };
		077B8418185B89AB00D0F002 /* cattle_50m3.jpg in Resources */ = {isa = PBXBuildFile; fileRef = 077B840D185B89AB00D0F002 /* cattle_50m3.jpg */; };
		077B8419185B89AB00D0F002 /* cattle_50m3.jpg in Resources */ = {isa = PBXBuildFile; fileRef = 077B840D185B89AB00D0F002 /* cattle_50m3.jpg */; };
		077B841A185B89AB00D0F002 /* fym_25t.jpg in Resources */ = {isa = PBXBuildFile; fileRef = 077B840E185B89AB00D0F002 /* fym_25t.jpg */; };
		077B841B185B89AB00D0F002 /* fym_25t.jpg in Resources */ = {isa = PBXBuildFile; fileRef = 077B840E185B89AB00D0F002 /* fym_25t.jpg */; };
		077B841C185B89AB00D0F002 /* fym_50t.jpg in Resources */ = {isa = PBXBuildFile; fileRef = 077B840F185B89AB00D0F002 /* fym_50t.jpg */; };
		077B841D185B89AB00D0F002 /* fym_50t.jpg in Resources */ = {isa = PBXBuildFile; fileRef = 077B840F185B89AB00D0F002 /* fym_50t.jpg */; };
		077B841E185B89AB00D0F002 /* pig_25m3.jpg in Resources */ = {isa = PBXBuildFile; fileRef = 077B8410185B89AB00D0F002 /* pig_25m3.jpg */; };
		077B841F185B89AB00D0F002 /* pig_25m3.jpg in Resources */ = {isa = PBXBuildFile; fileRef = 077B8410185B89AB00D0F002 /* pig_25m3.jpg */; };
		077B8420185B89AB00D0F002 /* pig_50m3.jpg in Resources */ = {isa = PBXBuildFile; fileRef = 077B8411185B89AB00D0F002 /* pig_50m3.jpg */; };
		077B8421185B89AB00D0F002 /* pig_50m3.jpg in Resources */ = {isa = PBXBuildFile; fileRef = 077B8411185B89AB00D0F002 /* pig_50m3.jpg */; };
		077B8422185B89AB00D0F002 /* poultry_10t.jpg in Resources */ = {isa = PBXBuildFile; fileRef = 077B8412185B89AB00D0F002 /* poultry_10t.jpg */; };
		077B8423185B89AB00D0F002 /* poultry_10t.jpg in Resources */ = {isa = PBXBuildFile; fileRef = 077B8412185B89AB00D0F002 /* poultry_10t.jpg */; };
		077B8424185B89AB00D0F002 /* poultry_5t.jpg in Resources */ = {isa = PBXBuildFile; fileRef = 077B8413185B89AB00D0F002 /* poultry_5t.jpg */; };
		077B8425185B89AB00D0F002 /* poultry_5t.jpg in Resources */ = {isa = PBXBuildFile; fileRef = 077B8413185B89AB00D0F002 /* poultry_5t.jpg */; };
		077B8427185B8BB500D0F002 /* 30m3ha cattle.jpg in Resources */ = {isa = PBXBuildFile; fileRef = 077B8426185B8BB500D0F002 /* 30m3ha cattle.jpg */; };
		077B8428185B8BB500D0F002 /* 30m3ha cattle.jpg in Resources */ = {isa = PBXBuildFile; fileRef = 077B8426185B8BB500D0F002 /* 30m3ha cattle.jpg */; };
		077B842A185B8BC000D0F002 /* pig slurry 75m3 dm 4.jpg in Resources */ = {isa = PBXBuildFile; fileRef = 077B8429185B8BC000D0F002 /* pig slurry 75m3 dm 4.jpg */; };
		077B842B185B8BC000D0F002 /* pig slurry 75m3 dm 4.jpg in Resources */ = {isa = PBXBuildFile; fileRef = 077B8429185B8BC000D0F002 /* pig slurry 75m3 dm 4.jpg */; };
		077DE124187A9DB800FB08A8 /* FCASeasonCell.m in Sources */ = {isa = PBXBuildFile; fileRef = 077DE123187A9DB800FB08A8 /* FCASeasonCell.m */; };
		078B278618519AB000E78747 /* FCADataModel.m in Sources */ = {isa = PBXBuildFile; fileRef = 078B278518519AB000E78747 /* FCADataModel.m */; };
		078B278718519AB000E78747 /* FCADataModel.m in Sources */ = {isa = PBXBuildFile; fileRef = 078B278518519AB000E78747 /* FCADataModel.m */; };
		079E840D1861798D003309B6 /* FCAManureTypeViewController.m in Sources */ = {isa = PBXBuildFile; fileRef = 079E840C1861798D003309B6 /* FCAManureTypeViewController.m */; };
		079E84101861799D003309B6 /* FCAManureQualityViewController.m in Sources */ = {isa = PBXBuildFile; fileRef = 079E840F1861799D003309B6 /* FCAManureQualityViewController.m */; };
		07B21FE618D5EDE000419DE9 /* SpreadingEvent.m in Sources */ = {isa = PBXBuildFile; fileRef = 07B21FE518D5EDE000419DE9 /* SpreadingEvent.m */; };
		07B21FE718D5EDE000419DE9 /* SpreadingEvent.m in Sources */ = {isa = PBXBuildFile; fileRef = 07B21FE518D5EDE000419DE9 /* SpreadingEvent.m */; };
		07B7E27F185611FA00B90F61 /* NSBundleUOPCategory.m in Sources */ = {isa = PBXBuildFile; fileRef = 07B7E276185611FA00B90F61 /* NSBundleUOPCategory.m */; };
		07B7E280185611FA00B90F61 /* NSBundleUOPCategory.m in Sources */ = {isa = PBXBuildFile; fileRef = 07B7E276185611FA00B90F61 /* NSBundleUOPCategory.m */; };
		07B7E281185611FA00B90F61 /* UIImageUOPCategory.m in Sources */ = {isa = PBXBuildFile; fileRef = 07B7E278185611FA00B90F61 /* UIImageUOPCategory.m */; };
		07B7E282185611FA00B90F61 /* UIImageUOPCategory.m in Sources */ = {isa = PBXBuildFile; fileRef = 07B7E278185611FA00B90F61 /* UIImageUOPCategory.m */; };
		07B7E283185611FA00B90F61 /* NSDate+NSDateUOPCategory.m in Sources */ = {isa = PBXBuildFile; fileRef = 07B7E27A185611FA00B90F61 /* NSDate+NSDateUOPCategory.m */; };
		07B7E284185611FA00B90F61 /* NSDate+NSDateUOPCategory.m in Sources */ = {isa = PBXBuildFile; fileRef = 07B7E27A185611FA00B90F61 /* NSDate+NSDateUOPCategory.m */; };
		07B7E285185611FA00B90F61 /* NSString+OOTY.m in Sources */ = {isa = PBXBuildFile; fileRef = 07B7E27C185611FA00B90F61 /* NSString+OOTY.m */; };
		07B7E286185611FA00B90F61 /* NSString+OOTY.m in Sources */ = {isa = PBXBuildFile; fileRef = 07B7E27C185611FA00B90F61 /* NSString+OOTY.m */; };
		07B7E287185611FA00B90F61 /* UIScreen+OOTY.m in Sources */ = {isa = PBXBuildFile; fileRef = 07B7E27E185611FA00B90F61 /* UIScreen+OOTY.m */; };
		07B7E288185611FA00B90F61 /* UIScreen+OOTY.m in Sources */ = {isa = PBXBuildFile; fileRef = 07B7E27E185611FA00B90F61 /* UIScreen+OOTY.m */; };
		07B7E28C185612AA00B90F61 /* PhotoViewController.m in Sources */ = {isa = PBXBuildFile; fileRef = 07B7E28B185612AA00B90F61 /* PhotoViewController.m */; };
		07BC263C1872A37E00BE3D50 /* NSDate+FCADateAndSeason.m in Sources */ = {isa = PBXBuildFile; fileRef = 07BC263B1872A37E00BE3D50 /* NSDate+FCADateAndSeason.m */; };
		07BC263D1872A37E00BE3D50 /* NSDate+FCADateAndSeason.m in Sources */ = {isa = PBXBuildFile; fileRef = 07BC263B1872A37E00BE3D50 /* NSDate+FCADateAndSeason.m */; };
		07C3FC1A186049EC007C7442 /* FCADateStringCell.m in Sources */ = {isa = PBXBuildFile; fileRef = 07C3FC19186049EC007C7442 /* FCADateStringCell.m */; };
		07C5F54D18792A1F005A2B5A /* FCACaclulatorTableViewController.m in Sources */ = {isa = PBXBuildFile; fileRef = 07C5F54C18792A1F005A2B5A /* FCACaclulatorTableViewController.m */; };
		07EACC021848689700D6A59E /* Foundation.framework in Frameworks */ = {isa = PBXBuildFile; fileRef = 07EACC011848689700D6A59E /* Foundation.framework */; };
		07EACC041848689700D6A59E /* CoreGraphics.framework in Frameworks */ = {isa = PBXBuildFile; fileRef = 07EACC031848689700D6A59E /* CoreGraphics.framework */; };
		07EACC061848689700D6A59E /* UIKit.framework in Frameworks */ = {isa = PBXBuildFile; fileRef = 07EACC051848689700D6A59E /* UIKit.framework */; };
		07EACC0C1848689700D6A59E /* InfoPlist.strings in Resources */ = {isa = PBXBuildFile; fileRef = 07EACC0A1848689700D6A59E /* InfoPlist.strings */; };
		07EACC0E1848689700D6A59E /* main.m in Sources */ = {isa = PBXBuildFile; fileRef = 07EACC0D1848689700D6A59E /* main.m */; };
		07EACC121848689700D6A59E /* SoCMAppDelegate.m in Sources */ = {isa = PBXBuildFile; fileRef = 07EACC111848689700D6A59E /* SoCMAppDelegate.m */; };
		07EACC151848689700D6A59E /* Main_iPhone.storyboard in Resources */ = {isa = PBXBuildFile; fileRef = 07EACC131848689700D6A59E /* Main_iPhone.storyboard */; };
		07EACC181848689700D6A59E /* Main_iPad.storyboard in Resources */ = {isa = PBXBuildFile; fileRef = 07EACC161848689700D6A59E /* Main_iPad.storyboard */; };
		07EACC1B1848689700D6A59E /* SoCMViewController.m in Sources */ = {isa = PBXBuildFile; fileRef = 07EACC1A1848689700D6A59E /* SoCMViewController.m */; };
		07EACC1D1848689700D6A59E /* Images.xcassets in Resources */ = {isa = PBXBuildFile; fileRef = 07EACC1C1848689700D6A59E /* Images.xcassets */; };
		07EACC241848689700D6A59E /* XCTest.framework in Frameworks */ = {isa = PBXBuildFile; fileRef = 07EACC231848689700D6A59E /* XCTest.framework */; };
		07EACC251848689700D6A59E /* Foundation.framework in Frameworks */ = {isa = PBXBuildFile; fileRef = 07EACC011848689700D6A59E /* Foundation.framework */; };
		07EACC261848689700D6A59E /* UIKit.framework in Frameworks */ = {isa = PBXBuildFile; fileRef = 07EACC051848689700D6A59E /* UIKit.framework */; };
		07EACC2E1848689700D6A59E /* InfoPlist.strings in Resources */ = {isa = PBXBuildFile; fileRef = 07EACC2C1848689700D6A59E /* InfoPlist.strings */; };
		07EACC301848689700D6A59E /* FarmKrappAppTests.m in Sources */ = {isa = PBXBuildFile; fileRef = 07EACC2F1848689700D6A59E /* FarmKrappAppTests.m */; };
		07EACC3A1848697D00D6A59E /* TODO in Resources */ = {isa = PBXBuildFile; fileRef = 07EACC391848697D00D6A59E /* TODO */; };
		07F87ACF1862E578005A8D66 /* Available100m3.plist in Resources */ = {isa = PBXBuildFile; fileRef = 07F87ACE1862E578005A8D66 /* Available100m3.plist */; };
		07F87AD01862E578005A8D66 /* Available100m3.plist in Resources */ = {isa = PBXBuildFile; fileRef = 07F87ACE1862E578005A8D66 /* Available100m3.plist */; };
		07FF4DFD185C690500825A8B /* SoCMAppDelegate.m in Sources */ = {isa = PBXBuildFile; fileRef = 07EACC111848689700D6A59E /* SoCMAppDelegate.m */; };
/* End PBXBuildFile section */

/* Begin PBXContainerItemProxy section */
		07EACC271848689700D6A59E /* PBXContainerItemProxy */ = {
			isa = PBXContainerItemProxy;
			containerPortal = 07EACBF61848689700D6A59E /* Project object */;
			proxyType = 1;
			remoteGlobalIDString = 07EACBFD1848689700D6A59E;
			remoteInfo = FarmKrappApp;
		};
/* End PBXContainerItemProxy section */

/* Begin PBXFileReference section */
		070B850418616FBE00609C72 /* FCAManureCell.h */ = {isa = PBXFileReference; fileEncoding = 4; lastKnownFileType = sourcecode.c.h; path = FCAManureCell.h; sourceTree = "<group>"; };
		070B850518616FBE00609C72 /* FCAManureCell.m */ = {isa = PBXFileReference; fileEncoding = 4; lastKnownFileType = sourcecode.c.objc; path = FCAManureCell.m; sourceTree = "<group>"; };
		070F18E218574C9D0008FA19 /* FCAFieldsViewController.h */ = {isa = PBXFileReference; fileEncoding = 4; lastKnownFileType = sourcecode.c.h; path = FCAFieldsViewController.h; sourceTree = "<group>"; };
		070F18E318574C9D0008FA19 /* FCAFieldsViewController.m */ = {isa = PBXFileReference; fileEncoding = 4; lastKnownFileType = sourcecode.c.objc; path = FCAFieldsViewController.m; sourceTree = "<group>"; };
		070F18E7185762990008FA19 /* FCAFieldCell.h */ = {isa = PBXFileReference; fileEncoding = 4; lastKnownFileType = sourcecode.c.h; path = FCAFieldCell.h; sourceTree = "<group>"; };
		070F18E8185762990008FA19 /* FCAFieldCell.m */ = {isa = PBXFileReference; fileEncoding = 4; lastKnownFileType = sourcecode.c.objc; path = FCAFieldCell.m; sourceTree = "<group>"; };
		0717179A189E589D00BD6C82 /* FCAAboutViewController.h */ = {isa = PBXFileReference; fileEncoding = 4; lastKnownFileType = sourcecode.c.h; path = FCAAboutViewController.h; sourceTree = "<group>"; };
		0717179B189E589D00BD6C82 /* FCAAboutViewController.m */ = {isa = PBXFileReference; fileEncoding = 4; lastKnownFileType = sourcecode.c.objc; path = FCAAboutViewController.m; sourceTree = "<group>"; };
		0717179D189E5E4D00BD6C82 /* about.html */ = {isa = PBXFileReference; fileEncoding = 4; lastKnownFileType = text.html; path = about.html; sourceTree = "<group>"; };
		071CF1D2185EF7EB00F0224B /* manure_types.plist */ = {isa = PBXFileReference; fileEncoding = 4; lastKnownFileType = text.plist.xml; path = manure_types.plist; sourceTree = "<group>"; };
		071CF1D4185EF7EB00F0224B /* Model.xcdatamodel */ = {isa = PBXFileReference; lastKnownFileType = wrapper.xcdatamodel; path = Model.xcdatamodel; sourceTree = "<group>"; };
		071CF1F5185F08D400F0224B /* crop_types.plist */ = {isa = PBXFileReference; fileEncoding = 4; lastKnownFileType = text.plist.xml; path = crop_types.plist; sourceTree = "<group>"; };
		071CF1F8185F08ED00F0224B /* soil_types.plist */ = {isa = PBXFileReference; fileEncoding = 4; lastKnownFileType = text.plist.xml; path = soil_types.plist; sourceTree = "<group>"; };
		071CF1FB185F0C4D00F0224B /* ManureQuality.h */ = {isa = PBXFileReference; fileEncoding = 4; lastKnownFileType = sourcecode.c.h; name = ManureQuality.h; path = ../ManureQuality.h; sourceTree = "<group>"; };
		071CF1FC185F0C4D00F0224B /* ManureQuality.m */ = {isa = PBXFileReference; fileEncoding = 4; lastKnownFileType = sourcecode.c.objc; name = ManureQuality.m; path = ../ManureQuality.m; sourceTree = "<group>"; };
		071CF1FF185F0C4E00F0224B /* Field.h */ = {isa = PBXFileReference; fileEncoding = 4; lastKnownFileType = sourcecode.c.h; name = Field.h; path = ../Field.h; sourceTree = "<group>"; };
		071CF200185F0C4E00F0224B /* Field.m */ = {isa = PBXFileReference; fileEncoding = 4; lastKnownFileType = sourcecode.c.objc; name = Field.m; path = ../Field.m; sourceTree = "<group>"; };
		071CF203185F0C4E00F0224B /* ManureType.h */ = {isa = PBXFileReference; fileEncoding = 4; lastKnownFileType = sourcecode.c.h; name = ManureType.h; path = ../ManureType.h; sourceTree = "<group>"; };
		071CF204185F0C4E00F0224B /* ManureType.m */ = {isa = PBXFileReference; fileEncoding = 4; lastKnownFileType = sourcecode.c.objc; name = ManureType.m; path = ../ManureType.m; sourceTree = "<group>"; };
		071CF20B185F0C4E00F0224B /* CropType.h */ = {isa = PBXFileReference; fileEncoding = 4; lastKnownFileType = sourcecode.c.h; name = CropType.h; path = ../CropType.h; sourceTree = "<group>"; };
		071CF20C185F0C4E00F0224B /* CropType.m */ = {isa = PBXFileReference; fileEncoding = 4; lastKnownFileType = sourcecode.c.objc; name = CropType.m; path = ../CropType.m; sourceTree = "<group>"; };
		071CF20F185F0C4E00F0224B /* SoilType.h */ = {isa = PBXFileReference; fileEncoding = 4; lastKnownFileType = sourcecode.c.h; name = SoilType.h; path = ../SoilType.h; sourceTree = "<group>"; };
		071CF210185F0C4E00F0224B /* SoilType.m */ = {isa = PBXFileReference; fileEncoding = 4; lastKnownFileType = sourcecode.c.objc; name = SoilType.m; path = ../SoilType.m; sourceTree = "<group>"; };
		072B83B318576D7B00339018 /* FCAFieldInfoTableViewController.h */ = {isa = PBXFileReference; fileEncoding = 4; lastKnownFileType = sourcecode.c.h; path = FCAFieldInfoTableViewController.h; sourceTree = "<group>"; };
		072B83B418576D7B00339018 /* FCAFieldInfoTableViewController.m */ = {isa = PBXFileReference; fileEncoding = 4; lastKnownFileType = sourcecode.c.objc; path = FCAFieldInfoTableViewController.m; sourceTree = "<group>"; };
		073028B8185F683900DFD9F9 /* FCASpreadingEventSingleLabelCell.h */ = {isa = PBXFileReference; fileEncoding = 4; lastKnownFileType = sourcecode.c.h; path = FCASpreadingEventSingleLabelCell.h; sourceTree = "<group>"; };
		073028B9185F683900DFD9F9 /* FCASpreadingEventSingleLabelCell.m */ = {isa = PBXFileReference; fileEncoding = 4; lastKnownFileType = sourcecode.c.objc; path = FCASpreadingEventSingleLabelCell.m; sourceTree = "<group>"; };
		073028C4185F6ADE00DFD9F9 /* FCADatePickerCell.h */ = {isa = PBXFileReference; fileEncoding = 4; lastKnownFileType = sourcecode.c.h; path = FCADatePickerCell.h; sourceTree = "<group>"; };
		073028C5185F6ADE00DFD9F9 /* FCADatePickerCell.m */ = {isa = PBXFileReference; fileEncoding = 4; lastKnownFileType = sourcecode.c.objc; path = FCADatePickerCell.m; sourceTree = "<group>"; };
		073028CA185F6B0200DFD9F9 /* FCAApplicationRateCell.h */ = {isa = PBXFileReference; fileEncoding = 4; lastKnownFileType = sourcecode.c.h; path = FCAApplicationRateCell.h; sourceTree = "<group>"; };
		073028CB185F6B0200DFD9F9 /* FCAApplicationRateCell.m */ = {isa = PBXFileReference; fileEncoding = 4; lastKnownFileType = sourcecode.c.objc; path = FCAApplicationRateCell.m; sourceTree = "<group>"; };
		073028CD185F6B3500DFD9F9 /* FCASquareImageCell.h */ = {isa = PBXFileReference; fileEncoding = 4; lastKnownFileType = sourcecode.c.h; path = FCASquareImageCell.h; sourceTree = "<group>"; };
		073028CE185F6B3500DFD9F9 /* FCASquareImageCell.m */ = {isa = PBXFileReference; fileEncoding = 4; lastKnownFileType = sourcecode.c.objc; path = FCASquareImageCell.m; sourceTree = "<group>"; };
		07345137184DC316004FBC1E /* SoCMAboutViewController-iPhone.h */ = {isa = PBXFileReference; fileEncoding = 4; lastKnownFileType = sourcecode.c.h; path = "SoCMAboutViewController-iPhone.h"; sourceTree = "<group>"; };
		07345138184DC316004FBC1E /* SoCMAboutViewController-iPhone.m */ = {isa = PBXFileReference; fileEncoding = 4; lastKnownFileType = sourcecode.c.objc; path = "SoCMAboutViewController-iPhone.m"; sourceTree = "<group>"; };
		0734513B184DC717004FBC1E /* UIViewController+FCAFrontPage.h */ = {isa = PBXFileReference; fileEncoding = 4; lastKnownFileType = sourcecode.c.h; path = "UIViewController+FCAFrontPage.h"; sourceTree = "<group>"; };
		0734513C184DC717004FBC1E /* UIViewController+FCAFrontPage.m */ = {isa = PBXFileReference; fileEncoding = 4; lastKnownFileType = sourcecode.c.objc; path = "UIViewController+FCAFrontPage.m"; sourceTree = "<group>"; };
		0748E55118728DA6009096A2 /* costings.plist */ = {isa = PBXFileReference; fileEncoding = 4; lastKnownFileType = text.plist.xml; path = costings.plist; sourceTree = "<group>"; };
		074C971618798B0300ED0CB8 /* FCASoilTypeCell.h */ = {isa = PBXFileReference; fileEncoding = 4; lastKnownFileType = sourcecode.c.h; path = FCASoilTypeCell.h; sourceTree = "<group>"; };
		074C971718798B0300ED0CB8 /* FCASoilTypeCell.m */ = {isa = PBXFileReference; fileEncoding = 4; lastKnownFileType = sourcecode.c.objc; path = FCASoilTypeCell.m; sourceTree = "<group>"; };
		074C971918798B1700ED0CB8 /* FCACropTypeCell.h */ = {isa = PBXFileReference; fileEncoding = 4; lastKnownFileType = sourcecode.c.h; path = FCACropTypeCell.h; sourceTree = "<group>"; };
		074C971A18798B1700ED0CB8 /* FCACropTypeCell.m */ = {isa = PBXFileReference; fileEncoding = 4; lastKnownFileType = sourcecode.c.objc; path = FCACropTypeCell.m; sourceTree = "<group>"; };
		0752D4D7187F09D600803090 /* FCADisclaimerViewController.h */ = {isa = PBXFileReference; fileEncoding = 4; lastKnownFileType = sourcecode.c.h; path = FCADisclaimerViewController.h; sourceTree = "<group>"; };
		0752D4D8187F09D600803090 /* FCADisclaimerViewController.m */ = {isa = PBXFileReference; fileEncoding = 4; lastKnownFileType = sourcecode.c.objc; path = FCADisclaimerViewController.m; sourceTree = "<group>"; };
		07609F5D185B013E00177718 /* FCASpreadingEventViewController.h */ = {isa = PBXFileReference; fileEncoding = 4; lastKnownFileType = sourcecode.c.h; path = FCASpreadingEventViewController.h; sourceTree = "<group>"; };
		07609F5E185B013E00177718 /* FCASpreadingEventViewController.m */ = {isa = PBXFileReference; fileEncoding = 4; lastKnownFileType = sourcecode.c.objc; path = FCASpreadingEventViewController.m; sourceTree = "<group>"; };
		07609F62185B04A000177718 /* FCASpreadingEventCell.h */ = {isa = PBXFileReference; fileEncoding = 4; lastKnownFileType = sourcecode.c.h; path = FCASpreadingEventCell.h; sourceTree = "<group>"; };
		07609F63185B04A000177718 /* FCASpreadingEventCell.m */ = {isa = PBXFileReference; fileEncoding = 4; lastKnownFileType = sourcecode.c.objc; path = FCASpreadingEventCell.m; sourceTree = "<group>"; };
		07609F67185B0C4E00177718 /* FCASpreadingEventDetailsTableViewController.h */ = {isa = PBXFileReference; fileEncoding = 4; lastKnownFileType = sourcecode.c.h; path = FCASpreadingEventDetailsTableViewController.h; sourceTree = "<group>"; };
		07609F68185B0C4E00177718 /* FCASpreadingEventDetailsTableViewController.m */ = {isa = PBXFileReference; fileEncoding = 4; lastKnownFileType = sourcecode.c.objc; path = FCASpreadingEventDetailsTableViewController.m; sourceTree = "<group>"; };
		07609F6C185B0CE400177718 /* FCASpreadingEventSummaryTableViewController.h */ = {isa = PBXFileReference; fileEncoding = 4; lastKnownFileType = sourcecode.c.h; path = FCASpreadingEventSummaryTableViewController.h; sourceTree = "<group>"; };
		07609F6D185B0CE400177718 /* FCASpreadingEventSummaryTableViewController.m */ = {isa = PBXFileReference; fileEncoding = 4; lastKnownFileType = sourcecode.c.objc; path = FCASpreadingEventSummaryTableViewController.m; sourceTree = "<group>"; };
		0768234E18A8ABC9008D67AD /* MessageUI.framework */ = {isa = PBXFileReference; lastKnownFileType = wrapper.framework; name = MessageUI.framework; path = System/Library/Frameworks/MessageUI.framework; sourceTree = SDKROOT; };
		0777B4F3184DD4E300842DBA /* CoreData.framework */ = {isa = PBXFileReference; lastKnownFileType = wrapper.framework; name = CoreData.framework; path = System/Library/Frameworks/CoreData.framework; sourceTree = SDKROOT; };
		0777B548184DDE3C00842DBA /* SoCMViewControllerCommonBase.h */ = {isa = PBXFileReference; fileEncoding = 4; lastKnownFileType = sourcecode.c.h; path = SoCMViewControllerCommonBase.h; sourceTree = "<group>"; };
		0777B549184DDE3C00842DBA /* SoCMViewControllerCommonBase.m */ = {isa = PBXFileReference; fileEncoding = 4; lastKnownFileType = sourcecode.c.objc; path = SoCMViewControllerCommonBase.m; sourceTree = "<group>"; };
		077B8406185B78F700D0F002 /* FCADatePickerViewController.h */ = {isa = PBXFileReference; fileEncoding = 4; lastKnownFileType = sourcecode.c.h; path = FCADatePickerViewController.h; sourceTree = "<group>"; };
		077B8407185B78F700D0F002 /* FCADatePickerViewController.m */ = {isa = PBXFileReference; fileEncoding = 4; lastKnownFileType = sourcecode.c.objc; path = FCADatePickerViewController.m; sourceTree = "<group>"; };
		077B840B185B89AB00D0F002 /* cattle_100m3.jpg */ = {isa = PBXFileReference; lastKnownFileType = image.jpeg; path = cattle_100m3.jpg; sourceTree = "<group>"; };
		077B840C185B89AB00D0F002 /* cattle_25m3.jpg */ = {isa = PBXFileReference; lastKnownFileType = image.jpeg; path = cattle_25m3.jpg; sourceTree = "<group>"; };
		077B840D185B89AB00D0F002 /* cattle_50m3.jpg */ = {isa = PBXFileReference; lastKnownFileType = image.jpeg; path = cattle_50m3.jpg; sourceTree = "<group>"; };
		077B840E185B89AB00D0F002 /* fym_25t.jpg */ = {isa = PBXFileReference; lastKnownFileType = image.jpeg; path = fym_25t.jpg; sourceTree = "<group>"; };
		077B840F185B89AB00D0F002 /* fym_50t.jpg */ = {isa = PBXFileReference; lastKnownFileType = image.jpeg; path = fym_50t.jpg; sourceTree = "<group>"; };
		077B8410185B89AB00D0F002 /* pig_25m3.jpg */ = {isa = PBXFileReference; lastKnownFileType = image.jpeg; path = pig_25m3.jpg; sourceTree = "<group>"; };
		077B8411185B89AB00D0F002 /* pig_50m3.jpg */ = {isa = PBXFileReference; lastKnownFileType = image.jpeg; path = pig_50m3.jpg; sourceTree = "<group>"; };
		077B8412185B89AB00D0F002 /* poultry_10t.jpg */ = {isa = PBXFileReference; lastKnownFileType = image.jpeg; path = poultry_10t.jpg; sourceTree = "<group>"; };
		077B8413185B89AB00D0F002 /* poultry_5t.jpg */ = {isa = PBXFileReference; lastKnownFileType = image.jpeg; path = poultry_5t.jpg; sourceTree = "<group>"; };
		077B8426185B8BB500D0F002 /* 30m3ha cattle.jpg */ = {isa = PBXFileReference; lastKnownFileType = image.jpeg; path = "30m3ha cattle.jpg"; sourceTree = "<group>"; };
		077B8429185B8BC000D0F002 /* pig slurry 75m3 dm 4.jpg */ = {isa = PBXFileReference; lastKnownFileType = image.jpeg; path = "pig slurry 75m3 dm 4.jpg"; sourceTree = "<group>"; };
		077DE122187A9DB800FB08A8 /* FCASeasonCell.h */ = {isa = PBXFileReference; fileEncoding = 4; lastKnownFileType = sourcecode.c.h; path = FCASeasonCell.h; sourceTree = "<group>"; };
		077DE123187A9DB800FB08A8 /* FCASeasonCell.m */ = {isa = PBXFileReference; fileEncoding = 4; lastKnownFileType = sourcecode.c.objc; path = FCASeasonCell.m; sourceTree = "<group>"; };
		078B278418519AB000E78747 /* FCADataModel.h */ = {isa = PBXFileReference; fileEncoding = 4; lastKnownFileType = sourcecode.c.h; path = FCADataModel.h; sourceTree = "<group>"; };
		078B278518519AB000E78747 /* FCADataModel.m */ = {isa = PBXFileReference; fileEncoding = 4; lastKnownFileType = sourcecode.c.objc; path = FCADataModel.m; sourceTree = "<group>"; };
		079E840B1861798D003309B6 /* FCAManureTypeViewController.h */ = {isa = PBXFileReference; fileEncoding = 4; lastKnownFileType = sourcecode.c.h; path = FCAManureTypeViewController.h; sourceTree = "<group>"; };
		079E840C1861798D003309B6 /* FCAManureTypeViewController.m */ = {isa = PBXFileReference; fileEncoding = 4; lastKnownFileType = sourcecode.c.objc; path = FCAManureTypeViewController.m; sourceTree = "<group>"; };
		079E840E1861799D003309B6 /* FCAManureQualityViewController.h */ = {isa = PBXFileReference; fileEncoding = 4; lastKnownFileType = sourcecode.c.h; path = FCAManureQualityViewController.h; sourceTree = "<group>"; };
		079E840F1861799D003309B6 /* FCAManureQualityViewController.m */ = {isa = PBXFileReference; fileEncoding = 4; lastKnownFileType = sourcecode.c.objc; path = FCAManureQualityViewController.m; sourceTree = "<group>"; };
		07B21FE418D5EDE000419DE9 /* SpreadingEvent.h */ = {isa = PBXFileReference; fileEncoding = 4; lastKnownFileType = sourcecode.c.h; path = SpreadingEvent.h; sourceTree = "<group>"; };
		07B21FE518D5EDE000419DE9 /* SpreadingEvent.m */ = {isa = PBXFileReference; fileEncoding = 4; lastKnownFileType = sourcecode.c.objc; path = SpreadingEvent.m; sourceTree = "<group>"; };
		07B7E275185611FA00B90F61 /* NSBundleUOPCategory.h */ = {isa = PBXFileReference; fileEncoding = 4; lastKnownFileType = sourcecode.c.h; path = NSBundleUOPCategory.h; sourceTree = "<group>"; };
		07B7E276185611FA00B90F61 /* NSBundleUOPCategory.m */ = {isa = PBXFileReference; fileEncoding = 4; lastKnownFileType = sourcecode.c.objc; path = NSBundleUOPCategory.m; sourceTree = "<group>"; };
		07B7E277185611FA00B90F61 /* UIImageUOPCategory.h */ = {isa = PBXFileReference; fileEncoding = 4; lastKnownFileType = sourcecode.c.h; path = UIImageUOPCategory.h; sourceTree = "<group>"; };
		07B7E278185611FA00B90F61 /* UIImageUOPCategory.m */ = {isa = PBXFileReference; fileEncoding = 4; lastKnownFileType = sourcecode.c.objc; path = UIImageUOPCategory.m; sourceTree = "<group>"; };
		07B7E279185611FA00B90F61 /* NSDate+NSDateUOPCategory.h */ = {isa = PBXFileReference; fileEncoding = 4; lastKnownFileType = sourcecode.c.h; path = "NSDate+NSDateUOPCategory.h"; sourceTree = "<group>"; };
		07B7E27A185611FA00B90F61 /* NSDate+NSDateUOPCategory.m */ = {isa = PBXFileReference; fileEncoding = 4; lastKnownFileType = sourcecode.c.objc; path = "NSDate+NSDateUOPCategory.m"; sourceTree = "<group>"; };
		07B7E27B185611FA00B90F61 /* NSString+OOTY.h */ = {isa = PBXFileReference; fileEncoding = 4; lastKnownFileType = sourcecode.c.h; path = "NSString+OOTY.h"; sourceTree = "<group>"; };
		07B7E27C185611FA00B90F61 /* NSString+OOTY.m */ = {isa = PBXFileReference; fileEncoding = 4; lastKnownFileType = sourcecode.c.objc; path = "NSString+OOTY.m"; sourceTree = "<group>"; };
		07B7E27D185611FA00B90F61 /* UIScreen+OOTY.h */ = {isa = PBXFileReference; fileEncoding = 4; lastKnownFileType = sourcecode.c.h; path = "UIScreen+OOTY.h"; sourceTree = "<group>"; };
		07B7E27E185611FA00B90F61 /* UIScreen+OOTY.m */ = {isa = PBXFileReference; fileEncoding = 4; lastKnownFileType = sourcecode.c.objc; path = "UIScreen+OOTY.m"; sourceTree = "<group>"; };
		07B7E28A185612AA00B90F61 /* PhotoViewController.h */ = {isa = PBXFileReference; fileEncoding = 4; lastKnownFileType = sourcecode.c.h; path = PhotoViewController.h; sourceTree = "<group>"; };
		07B7E28B185612AA00B90F61 /* PhotoViewController.m */ = {isa = PBXFileReference; fileEncoding = 4; lastKnownFileType = sourcecode.c.objc; path = PhotoViewController.m; sourceTree = "<group>"; };
		07BC263A1872A37E00BE3D50 /* NSDate+FCADateAndSeason.h */ = {isa = PBXFileReference; fileEncoding = 4; lastKnownFileType = sourcecode.c.h; path = "NSDate+FCADateAndSeason.h"; sourceTree = "<group>"; };
		07BC263B1872A37E00BE3D50 /* NSDate+FCADateAndSeason.m */ = {isa = PBXFileReference; fileEncoding = 4; lastKnownFileType = sourcecode.c.objc; path = "NSDate+FCADateAndSeason.m"; sourceTree = "<group>"; };
		07C3FC18186049EC007C7442 /* FCADateStringCell.h */ = {isa = PBXFileReference; fileEncoding = 4; lastKnownFileType = sourcecode.c.h; path = FCADateStringCell.h; sourceTree = "<group>"; };
		07C3FC19186049EC007C7442 /* FCADateStringCell.m */ = {isa = PBXFileReference; fileEncoding = 4; lastKnownFileType = sourcecode.c.objc; path = FCADateStringCell.m; sourceTree = "<group>"; };
		07C5F54B18792A1F005A2B5A /* FCACaclulatorTableViewController.h */ = {isa = PBXFileReference; fileEncoding = 4; lastKnownFileType = sourcecode.c.h; path = FCACaclulatorTableViewController.h; sourceTree = "<group>"; };
		07C5F54C18792A1F005A2B5A /* FCACaclulatorTableViewController.m */ = {isa = PBXFileReference; fileEncoding = 4; lastKnownFileType = sourcecode.c.objc; path = FCACaclulatorTableViewController.m; sourceTree = "<group>"; };
		07EACBFE1848689700D6A59E /* FarmCrapApp.app */ = {isa = PBXFileReference; explicitFileType = wrapper.application; includeInIndex = 0; path = FarmCrapApp.app; sourceTree = BUILT_PRODUCTS_DIR; };
		07EACC011848689700D6A59E /* Foundation.framework */ = {isa = PBXFileReference; lastKnownFileType = wrapper.framework; name = Foundation.framework; path = System/Library/Frameworks/Foundation.framework; sourceTree = SDKROOT; };
		07EACC031848689700D6A59E /* CoreGraphics.framework */ = {isa = PBXFileReference; lastKnownFileType = wrapper.framework; name = CoreGraphics.framework; path = System/Library/Frameworks/CoreGraphics.framework; sourceTree = SDKROOT; };
		07EACC051848689700D6A59E /* UIKit.framework */ = {isa = PBXFileReference; lastKnownFileType = wrapper.framework; name = UIKit.framework; path = System/Library/Frameworks/UIKit.framework; sourceTree = SDKROOT; };
		07EACC091848689700D6A59E /* FarmCrapApp-Info.plist */ = {isa = PBXFileReference; lastKnownFileType = text.plist.xml; path = "FarmCrapApp-Info.plist"; sourceTree = "<group>"; };
		07EACC0B1848689700D6A59E /* en */ = {isa = PBXFileReference; lastKnownFileType = text.plist.strings; name = en; path = en.lproj/InfoPlist.strings; sourceTree = "<group>"; };
		07EACC0D1848689700D6A59E /* main.m */ = {isa = PBXFileReference; lastKnownFileType = sourcecode.c.objc; path = main.m; sourceTree = "<group>"; };
		07EACC0F1848689700D6A59E /* FarmCrapApp-Prefix.pch */ = {isa = PBXFileReference; lastKnownFileType = sourcecode.c.h; path = "FarmCrapApp-Prefix.pch"; sourceTree = "<group>"; };
		07EACC101848689700D6A59E /* SoCMAppDelegate.h */ = {isa = PBXFileReference; lastKnownFileType = sourcecode.c.h; path = SoCMAppDelegate.h; sourceTree = "<group>"; };
		07EACC111848689700D6A59E /* SoCMAppDelegate.m */ = {isa = PBXFileReference; lastKnownFileType = sourcecode.c.objc; path = SoCMAppDelegate.m; sourceTree = "<group>"; };
		07EACC141848689700D6A59E /* Base */ = {isa = PBXFileReference; lastKnownFileType = file.storyboard; name = Base; path = Base.lproj/Main_iPhone.storyboard; sourceTree = "<group>"; };
		07EACC171848689700D6A59E /* Base */ = {isa = PBXFileReference; lastKnownFileType = file.storyboard; name = Base; path = Base.lproj/Main_iPad.storyboard; sourceTree = "<group>"; };
		07EACC191848689700D6A59E /* SoCMViewController.h */ = {isa = PBXFileReference; lastKnownFileType = sourcecode.c.h; path = SoCMViewController.h; sourceTree = "<group>"; };
		07EACC1A1848689700D6A59E /* SoCMViewController.m */ = {isa = PBXFileReference; lastKnownFileType = sourcecode.c.objc; path = SoCMViewController.m; sourceTree = "<group>"; };
		07EACC1C1848689700D6A59E /* Images.xcassets */ = {isa = PBXFileReference; lastKnownFileType = folder.assetcatalog; path = Images.xcassets; sourceTree = "<group>"; };
		07EACC221848689700D6A59E /* FarmCrapAppTests.xctest */ = {isa = PBXFileReference; explicitFileType = wrapper.cfbundle; includeInIndex = 0; path = FarmCrapAppTests.xctest; sourceTree = BUILT_PRODUCTS_DIR; };
		07EACC231848689700D6A59E /* XCTest.framework */ = {isa = PBXFileReference; lastKnownFileType = wrapper.framework; name = XCTest.framework; path = Library/Frameworks/XCTest.framework; sourceTree = DEVELOPER_DIR; };
		07EACC2B1848689700D6A59E /* FarmCrapAppTests-Info.plist */ = {isa = PBXFileReference; lastKnownFileType = text.plist.xml; path = "FarmCrapAppTests-Info.plist"; sourceTree = "<group>"; };
		07EACC2D1848689700D6A59E /* en */ = {isa = PBXFileReference; lastKnownFileType = text.plist.strings; name = en; path = en.lproj/InfoPlist.strings; sourceTree = "<group>"; };
		07EACC2F1848689700D6A59E /* FarmKrappAppTests.m */ = {isa = PBXFileReference; lastKnownFileType = sourcecode.c.objc; path = FarmKrappAppTests.m; sourceTree = "<group>"; };
		07EACC391848697D00D6A59E /* TODO */ = {isa = PBXFileReference; fileEncoding = 4; lastKnownFileType = text; path = TODO; sourceTree = "<group>"; };
		07F87ACE1862E578005A8D66 /* Available100m3.plist */ = {isa = PBXFileReference; fileEncoding = 4; lastKnownFileType = text.plist.xml; path = Available100m3.plist; sourceTree = "<group>"; };
/* End PBXFileReference section */

/* Begin PBXFrameworksBuildPhase section */
		07EACBFB1848689700D6A59E /* Frameworks */ = {
			isa = PBXFrameworksBuildPhase;
			buildActionMask = 2147483647;
			files = (
				0768234F18A8ABC9008D67AD /* MessageUI.framework in Frameworks */,
				0777B4F4184DD4E300842DBA /* CoreData.framework in Frameworks */,
				07EACC041848689700D6A59E /* CoreGraphics.framework in Frameworks */,
				07EACC061848689700D6A59E /* UIKit.framework in Frameworks */,
				07EACC021848689700D6A59E /* Foundation.framework in Frameworks */,
			);
			runOnlyForDeploymentPostprocessing = 0;
		};
		07EACC1F1848689700D6A59E /* Frameworks */ = {
			isa = PBXFrameworksBuildPhase;
			buildActionMask = 2147483647;
			files = (
				07EACC241848689700D6A59E /* XCTest.framework in Frameworks */,
				07EACC261848689700D6A59E /* UIKit.framework in Frameworks */,
				07EACC251848689700D6A59E /* Foundation.framework in Frameworks */,
			);
			runOnlyForDeploymentPostprocessing = 0;
		};
/* End PBXFrameworksBuildPhase section */

/* Begin PBXGroup section */
		070F18E118574BD40008FA19 /* FieldsViewController */ = {
			isa = PBXGroup;
			children = (
				070F18E6185761880008FA19 /* Cells */,
				070F18E218574C9D0008FA19 /* FCAFieldsViewController.h */,
				070F18E318574C9D0008FA19 /* FCAFieldsViewController.m */,
				072B83B218576D3F00339018 /* FieldInfo */,
			);
			name = FieldsViewController;
			sourceTree = "<group>";
		};
		070F18E6185761880008FA19 /* Cells */ = {
			isa = PBXGroup;
			children = (
				070F18E7185762990008FA19 /* FCAFieldCell.h */,
				070F18E8185762990008FA19 /* FCAFieldCell.m */,
			);
			name = Cells;
			sourceTree = "<group>";
		};
		07171799189E587B00BD6C82 /* About */ = {
			isa = PBXGroup;
			children = (
				0717179D189E5E4D00BD6C82 /* about.html */,
				0717179A189E589D00BD6C82 /* FCAAboutViewController.h */,
				0717179B189E589D00BD6C82 /* FCAAboutViewController.m */,
			);
			name = About;
			sourceTree = "<group>";
		};
		072B83B218576D3F00339018 /* FieldInfo */ = {
			isa = PBXGroup;
			children = (
				072B83B318576D7B00339018 /* FCAFieldInfoTableViewController.h */,
				072B83B418576D7B00339018 /* FCAFieldInfoTableViewController.m */,
			);
			name = FieldInfo;
			sourceTree = "<group>";
		};
		073028AB185F675E00DFD9F9 /* Cells */ = {
			isa = PBXGroup;
			children = (
				073028B8185F683900DFD9F9 /* FCASpreadingEventSingleLabelCell.h */,
				073028B9185F683900DFD9F9 /* FCASpreadingEventSingleLabelCell.m */,
				07C3FC18186049EC007C7442 /* FCADateStringCell.h */,
				07C3FC19186049EC007C7442 /* FCADateStringCell.m */,
				073028C4185F6ADE00DFD9F9 /* FCADatePickerCell.h */,
				073028C5185F6ADE00DFD9F9 /* FCADatePickerCell.m */,
				070B850418616FBE00609C72 /* FCAManureCell.h */,
				070B850518616FBE00609C72 /* FCAManureCell.m */,
				073028CA185F6B0200DFD9F9 /* FCAApplicationRateCell.h */,
				073028CB185F6B0200DFD9F9 /* FCAApplicationRateCell.m */,
				073028CD185F6B3500DFD9F9 /* FCASquareImageCell.h */,
				073028CE185F6B3500DFD9F9 /* FCASquareImageCell.m */,
			);
			name = Cells;
			sourceTree = "<group>";
		};
		0734513A184DC32E004FBC1E /* Front Page */ = {
			isa = PBXGroup;
			children = (
				07171799189E587B00BD6C82 /* About */,
				07EACC191848689700D6A59E /* SoCMViewController.h */,
				07EACC1A1848689700D6A59E /* SoCMViewController.m */,
				07345137184DC316004FBC1E /* SoCMAboutViewController-iPhone.h */,
				07345138184DC316004FBC1E /* SoCMAboutViewController-iPhone.m */,
				0734513B184DC717004FBC1E /* UIViewController+FCAFrontPage.h */,
				0734513C184DC717004FBC1E /* UIViewController+FCAFrontPage.m */,
				0752D4D7187F09D600803090 /* FCADisclaimerViewController.h */,
				0752D4D8187F09D600803090 /* FCADisclaimerViewController.m */,
			);
			name = "Front Page";
			sourceTree = "<group>";
		};
		07609F5C185B010000177718 /* SpreadingEventsController */ = {
			isa = PBXGroup;
			children = (
				07609F61185B015100177718 /* Cells */,
				07609F5D185B013E00177718 /* FCASpreadingEventViewController.h */,
				07609F5E185B013E00177718 /* FCASpreadingEventViewController.m */,
				07609F66185B0C1200177718 /* SpreadingEventDetails */,
				07609F6B185B0C8B00177718 /* SpreadingEventSummary */,
			);
			name = SpreadingEventsController;
			sourceTree = "<group>";
		};
		07609F61185B015100177718 /* Cells */ = {
			isa = PBXGroup;
			children = (
				07609F62185B04A000177718 /* FCASpreadingEventCell.h */,
				07609F63185B04A000177718 /* FCASpreadingEventCell.m */,
			);
			name = Cells;
			sourceTree = "<group>";
		};
		07609F66185B0C1200177718 /* SpreadingEventDetails */ = {
			isa = PBXGroup;
			children = (
				079E840A186175CE003309B6 /* DetailControllers */,
				073028AB185F675E00DFD9F9 /* Cells */,
				07609F67185B0C4E00177718 /* FCASpreadingEventDetailsTableViewController.h */,
				07609F68185B0C4E00177718 /* FCASpreadingEventDetailsTableViewController.m */,
				077B8406185B78F700D0F002 /* FCADatePickerViewController.h */,
				077B8407185B78F700D0F002 /* FCADatePickerViewController.m */,
			);
			name = SpreadingEventDetails;
			sourceTree = "<group>";
		};
		07609F6B185B0C8B00177718 /* SpreadingEventSummary */ = {
			isa = PBXGroup;
			children = (
				07609F6C185B0CE400177718 /* FCASpreadingEventSummaryTableViewController.h */,
				07609F6D185B0CE400177718 /* FCASpreadingEventSummaryTableViewController.m */,
			);
			name = SpreadingEventSummary;
			sourceTree = "<group>";
		};
		0777B547184DDCD300842DBA /* CommonCodeForViewControllers */ = {
			isa = PBXGroup;
			children = (
				0777B548184DDE3C00842DBA /* SoCMViewControllerCommonBase.h */,
				0777B549184DDE3C00842DBA /* SoCMViewControllerCommonBase.m */,
			);
			name = CommonCodeForViewControllers;
			sourceTree = "<group>";
		};
		077B840A185B89AB00D0F002 /* poop-piccies */ = {
			isa = PBXGroup;
			children = (
				077B840B185B89AB00D0F002 /* cattle_100m3.jpg */,
				077B840C185B89AB00D0F002 /* cattle_25m3.jpg */,
				077B840D185B89AB00D0F002 /* cattle_50m3.jpg */,
				077B8426185B8BB500D0F002 /* 30m3ha cattle.jpg */,
				077B840E185B89AB00D0F002 /* fym_25t.jpg */,
				077B840F185B89AB00D0F002 /* fym_50t.jpg */,
				077B8410185B89AB00D0F002 /* pig_25m3.jpg */,
				077B8411185B89AB00D0F002 /* pig_50m3.jpg */,
				077B8429185B8BC000D0F002 /* pig slurry 75m3 dm 4.jpg */,
				077B8412185B89AB00D0F002 /* poultry_10t.jpg */,
				077B8413185B89AB00D0F002 /* poultry_5t.jpg */,
			);
			path = "poop-piccies";
			sourceTree = "<group>";
		};
		078B27741850EB2600E78747 /* CoreDataModel */ = {
			isa = PBXGroup;
			children = (
				071CF1F5185F08D400F0224B /* crop_types.plist */,
				071CF1F8185F08ED00F0224B /* soil_types.plist */,
				071CF1D2185EF7EB00F0224B /* manure_types.plist */,
				07F87ACE1862E578005A8D66 /* Available100m3.plist */,
				0748E55118728DA6009096A2 /* costings.plist */,
				071CF20F185F0C4E00F0224B /* SoilType.h */,
				071CF210185F0C4E00F0224B /* SoilType.m */,
				071CF20B185F0C4E00F0224B /* CropType.h */,
				071CF20C185F0C4E00F0224B /* CropType.m */,
				071CF203185F0C4E00F0224B /* ManureType.h */,
				071CF204185F0C4E00F0224B /* ManureType.m */,
				071CF1FF185F0C4E00F0224B /* Field.h */,
				071CF200185F0C4E00F0224B /* Field.m */,
				071CF1FB185F0C4D00F0224B /* ManureQuality.h */,
				071CF1FC185F0C4D00F0224B /* ManureQuality.m */,
				071CF1D3185EF7EB00F0224B /* Model.xcdatamodeld */,
				07B21FE418D5EDE000419DE9 /* SpreadingEvent.h */,
				07B21FE518D5EDE000419DE9 /* SpreadingEvent.m */,
				078B278418519AB000E78747 /* FCADataModel.h */,
				078B278518519AB000E78747 /* FCADataModel.m */,
			);
			name = CoreDataModel;
			sourceTree = "<group>";
		};
		079E840A186175CE003309B6 /* DetailControllers */ = {
			isa = PBXGroup;
			children = (
				079E840B1861798D003309B6 /* FCAManureTypeViewController.h */,
				079E840C1861798D003309B6 /* FCAManureTypeViewController.m */,
				079E840E1861799D003309B6 /* FCAManureQualityViewController.h */,
				079E840F1861799D003309B6 /* FCAManureQualityViewController.m */,
			);
			name = DetailControllers;
			sourceTree = "<group>";
		};
		07B7E274185611DD00B90F61 /* Categories */ = {
			isa = PBXGroup;
			children = (
				07B7E275185611FA00B90F61 /* NSBundleUOPCategory.h */,
				07B7E276185611FA00B90F61 /* NSBundleUOPCategory.m */,
				07B7E277185611FA00B90F61 /* UIImageUOPCategory.h */,
				07B7E278185611FA00B90F61 /* UIImageUOPCategory.m */,
				07B7E279185611FA00B90F61 /* NSDate+NSDateUOPCategory.h */,
				07B7E27A185611FA00B90F61 /* NSDate+NSDateUOPCategory.m */,
				07B7E27B185611FA00B90F61 /* NSString+OOTY.h */,
				07B7E27C185611FA00B90F61 /* NSString+OOTY.m */,
				07B7E27D185611FA00B90F61 /* UIScreen+OOTY.h */,
				07B7E27E185611FA00B90F61 /* UIScreen+OOTY.m */,
				07BC263A1872A37E00BE3D50 /* NSDate+FCADateAndSeason.h */,
				07BC263B1872A37E00BE3D50 /* NSDate+FCADateAndSeason.m */,
			);
			name = Categories;
			path = ..;
			sourceTree = "<group>";
		};
		07B7E2891856129900B90F61 /* PhotoViewController */ = {
			isa = PBXGroup;
			children = (
				07B7E28A185612AA00B90F61 /* PhotoViewController.h */,
				07B7E28B185612AA00B90F61 /* PhotoViewController.m */,
			);
			name = PhotoViewController;
			sourceTree = "<group>";
		};
		07C5F54A18792780005A2B5A /* Calculator */ = {
			isa = PBXGroup;
			children = (
				07C5F54B18792A1F005A2B5A /* FCACaclulatorTableViewController.h */,
				07C5F54C18792A1F005A2B5A /* FCACaclulatorTableViewController.m */,
				074C971618798B0300ED0CB8 /* FCASoilTypeCell.h */,
				074C971718798B0300ED0CB8 /* FCASoilTypeCell.m */,
				074C971918798B1700ED0CB8 /* FCACropTypeCell.h */,
				074C971A18798B1700ED0CB8 /* FCACropTypeCell.m */,
				077DE122187A9DB800FB08A8 /* FCASeasonCell.h */,
				077DE123187A9DB800FB08A8 /* FCASeasonCell.m */,
			);
			name = Calculator;
			sourceTree = "<group>";
		};
		07EACBF51848689700D6A59E = {
			isa = PBXGroup;
			children = (
				077B840A185B89AB00D0F002 /* poop-piccies */,
				07EACC071848689700D6A59E /* FarmKrappApp */,
				07EACC291848689700D6A59E /* FarmKrappAppTests */,
				07EACC001848689700D6A59E /* Frameworks */,
				07EACC081848689700D6A59E /* Supporting Files */,
				07EACBFF1848689700D6A59E /* Products */,
				07EACC391848697D00D6A59E /* TODO */,
			);
			sourceTree = "<group>";
		};
		07EACBFF1848689700D6A59E /* Products */ = {
			isa = PBXGroup;
			children = (
				07EACBFE1848689700D6A59E /* FarmCrapApp.app */,
				07EACC221848689700D6A59E /* FarmCrapAppTests.xctest */,
			);
			name = Products;
			sourceTree = "<group>";
		};
		07EACC001848689700D6A59E /* Frameworks */ = {
			isa = PBXGroup;
			children = (
				0768234E18A8ABC9008D67AD /* MessageUI.framework */,
				07EACC011848689700D6A59E /* Foundation.framework */,
				07EACC031848689700D6A59E /* CoreGraphics.framework */,
				0777B4F3184DD4E300842DBA /* CoreData.framework */,
				07EACC051848689700D6A59E /* UIKit.framework */,
				07EACC231848689700D6A59E /* XCTest.framework */,
			);
			name = Frameworks;
			sourceTree = "<group>";
		};
		07EACC071848689700D6A59E /* FarmKrappApp */ = {
			isa = PBXGroup;
			children = (
				0777B547184DDCD300842DBA /* CommonCodeForViewControllers */,
				07B7E274185611DD00B90F61 /* Categories */,
				078B27741850EB2600E78747 /* CoreDataModel */,
				07C5F54A18792780005A2B5A /* Calculator */,
				0734513A184DC32E004FBC1E /* Front Page */,
				070F18E118574BD40008FA19 /* FieldsViewController */,
				07609F5C185B010000177718 /* SpreadingEventsController */,
				07B7E2891856129900B90F61 /* PhotoViewController */,
				07EACC101848689700D6A59E /* SoCMAppDelegate.h */,
				07EACC111848689700D6A59E /* SoCMAppDelegate.m */,
				07EACC131848689700D6A59E /* Main_iPhone.storyboard */,
				07EACC161848689700D6A59E /* Main_iPad.storyboard */,
				07EACC1C1848689700D6A59E /* Images.xcassets */,
			);
			path = FarmKrappApp;
			sourceTree = "<group>";
		};
		07EACC081848689700D6A59E /* Supporting Files */ = {
			isa = PBXGroup;
			children = (
				07EACC091848689700D6A59E /* FarmCrapApp-Info.plist */,
				07EACC0A1848689700D6A59E /* InfoPlist.strings */,
				07EACC0D1848689700D6A59E /* main.m */,
				07EACC0F1848689700D6A59E /* FarmCrapApp-Prefix.pch */,
			);
			name = "Supporting Files";
			path = FarmKrappApp;
			sourceTree = "<group>";
		};
		07EACC291848689700D6A59E /* FarmKrappAppTests */ = {
			isa = PBXGroup;
			children = (
				07EACC2F1848689700D6A59E /* FarmKrappAppTests.m */,
				07EACC2A1848689700D6A59E /* Supporting Files */,
			);
			path = FarmKrappAppTests;
			sourceTree = "<group>";
		};
		07EACC2A1848689700D6A59E /* Supporting Files */ = {
			isa = PBXGroup;
			children = (
				07EACC2B1848689700D6A59E /* FarmCrapAppTests-Info.plist */,
				07EACC2C1848689700D6A59E /* InfoPlist.strings */,
			);
			name = "Supporting Files";
			sourceTree = "<group>";
		};
/* End PBXGroup section */

/* Begin PBXNativeTarget section */
		07EACBFD1848689700D6A59E /* FarmCrapApp */ = {
			isa = PBXNativeTarget;
			buildConfigurationList = 07EACC331848689700D6A59E /* Build configuration list for PBXNativeTarget "FarmCrapApp" */;
			buildPhases = (
				07EACBFA1848689700D6A59E /* Sources */,
				07EACBFB1848689700D6A59E /* Frameworks */,
				07EACBFC1848689700D6A59E /* Resources */,
			);
			buildRules = (
			);
			dependencies = (
			);
			name = FarmCrapApp;
			productName = FarmKrappApp;
			productReference = 07EACBFE1848689700D6A59E /* FarmCrapApp.app */;
			productType = "com.apple.product-type.application";
		};
		07EACC211848689700D6A59E /* FarmCrapAppTests */ = {
			isa = PBXNativeTarget;
			buildConfigurationList = 07EACC361848689700D6A59E /* Build configuration list for PBXNativeTarget "FarmCrapAppTests" */;
			buildPhases = (
				07EACC1E1848689700D6A59E /* Sources */,
				07EACC1F1848689700D6A59E /* Frameworks */,
				07EACC201848689700D6A59E /* Resources */,
			);
			buildRules = (
			);
			dependencies = (
				07EACC281848689700D6A59E /* PBXTargetDependency */,
			);
			name = FarmCrapAppTests;
			productName = FarmKrappAppTests;
			productReference = 07EACC221848689700D6A59E /* FarmCrapAppTests.xctest */;
			productType = "com.apple.product-type.bundle.unit-test";
		};
/* End PBXNativeTarget section */

/* Begin PBXProject section */
		07EACBF61848689700D6A59E /* Project object */ = {
			isa = PBXProject;
			attributes = {
				CLASSPREFIX = SoCM;
				LastUpgradeCheck = 0510;
				ORGANIZATIONNAME = "Plymouth University";
				TargetAttributes = {
					07EACBFD1848689700D6A59E = {
						DevelopmentTeam = FNUE8G7Y4Q;
					};
					07EACC211848689700D6A59E = {
						TestTargetID = 07EACBFD1848689700D6A59E;
					};
				};
			};
			buildConfigurationList = 07EACBF91848689700D6A59E /* Build configuration list for PBXProject "FarmCrapApp" */;
			compatibilityVersion = "Xcode 3.2";
			developmentRegion = English;
			hasScannedForEncodings = 0;
			knownRegions = (
				en,
				Base,
			);
			mainGroup = 07EACBF51848689700D6A59E;
			productRefGroup = 07EACBFF1848689700D6A59E /* Products */;
			projectDirPath = "";
			projectRoot = "";
			targets = (
				07EACBFD1848689700D6A59E /* FarmCrapApp */,
				07EACC211848689700D6A59E /* FarmCrapAppTests */,
			);
		};
/* End PBXProject section */

/* Begin PBXResourcesBuildPhase section */
		07EACBFC1848689700D6A59E /* Resources */ = {
			isa = PBXResourcesBuildPhase;
			buildActionMask = 2147483647;
			files = (
				071CF1F6185F08D400F0224B /* crop_types.plist in Resources */,
				07EACC181848689700D6A59E /* Main_iPad.storyboard in Resources */,
				077B841A185B89AB00D0F002 /* fym_25t.jpg in Resources */,
				071CF1D5185EF7EB00F0224B /* manure_types.plist in Resources */,
				077B8422185B89AB00D0F002 /* poultry_10t.jpg in Resources */,
				0717179E189E5E4D00BD6C82 /* about.html in Resources */,
				07EACC3A1848697D00D6A59E /* TODO in Resources */,
				077B8424185B89AB00D0F002 /* poultry_5t.jpg in Resources */,
				07EACC1D1848689700D6A59E /* Images.xcassets in Resources */,
				077B841C185B89AB00D0F002 /* fym_50t.jpg in Resources */,
				07F87ACF1862E578005A8D66 /* Available100m3.plist in Resources */,
				07EACC151848689700D6A59E /* Main_iPhone.storyboard in Resources */,
				077B841E185B89AB00D0F002 /* pig_25m3.jpg in Resources */,
				077B842A185B8BC000D0F002 /* pig slurry 75m3 dm 4.jpg in Resources */,
				077B8416185B89AB00D0F002 /* cattle_25m3.jpg in Resources */,
				077B8414185B89AB00D0F002 /* cattle_100m3.jpg in Resources */,
				07EACC0C1848689700D6A59E /* InfoPlist.strings in Resources */,
				077B8418185B89AB00D0F002 /* cattle_50m3.jpg in Resources */,
				071CF1F9185F08ED00F0224B /* soil_types.plist in Resources */,
				077B8427185B8BB500D0F002 /* 30m3ha cattle.jpg in Resources */,
				077B8420185B89AB00D0F002 /* pig_50m3.jpg in Resources */,
				0748E55218728DA6009096A2 /* costings.plist in Resources */,
			);
			runOnlyForDeploymentPostprocessing = 0;
		};
		07EACC201848689700D6A59E /* Resources */ = {
			isa = PBXResourcesBuildPhase;
			buildActionMask = 2147483647;
			files = (
				077B8415185B89AB00D0F002 /* cattle_100m3.jpg in Resources */,
				071CF1FA185F08ED00F0224B /* soil_types.plist in Resources */,
				077B841B185B89AB00D0F002 /* fym_25t.jpg in Resources */,
				07EACC2E1848689700D6A59E /* InfoPlist.strings in Resources */,
				077B8417185B89AB00D0F002 /* cattle_25m3.jpg in Resources */,
				077B8425185B89AB00D0F002 /* poultry_5t.jpg in Resources */,
				077B842B185B8BC000D0F002 /* pig slurry 75m3 dm 4.jpg in Resources */,
				077B841D185B89AB00D0F002 /* fym_50t.jpg in Resources */,
				071CF1D6185EF7EB00F0224B /* manure_types.plist in Resources */,
				07F87AD01862E578005A8D66 /* Available100m3.plist in Resources */,
				071CF1F7185F08D400F0224B /* crop_types.plist in Resources */,
				077B841F185B89AB00D0F002 /* pig_25m3.jpg in Resources */,
				077B8419185B89AB00D0F002 /* cattle_50m3.jpg in Resources */,
				077B8423185B89AB00D0F002 /* poultry_10t.jpg in Resources */,
				077B8421185B89AB00D0F002 /* pig_50m3.jpg in Resources */,
				0748E55318728DA6009096A2 /* costings.plist in Resources */,
				077B8428185B8BB500D0F002 /* 30m3ha cattle.jpg in Resources */,
			);
			runOnlyForDeploymentPostprocessing = 0;
		};
/* End PBXResourcesBuildPhase section */

/* Begin PBXSourcesBuildPhase section */
		07EACBFA1848689700D6A59E /* Sources */ = {
			isa = PBXSourcesBuildPhase;
			buildActionMask = 2147483647;
			files = (
				07EACC121848689700D6A59E /* SoCMAppDelegate.m in Sources */,
				07B7E27F185611FA00B90F61 /* NSBundleUOPCategory.m in Sources */,
				073028BA185F683900DFD9F9 /* FCASpreadingEventSingleLabelCell.m in Sources */,
				0734513D184DC717004FBC1E /* UIViewController+FCAFrontPage.m in Sources */,
				07BC263C1872A37E00BE3D50 /* NSDate+FCADateAndSeason.m in Sources */,
				07B21FE618D5EDE000419DE9 /* SpreadingEvent.m in Sources */,
				073028CC185F6B0200DFD9F9 /* FCAApplicationRateCell.m in Sources */,
				073028CF185F6B3500DFD9F9 /* FCASquareImageCell.m in Sources */,
				070B850618616FBE00609C72 /* FCAManureCell.m in Sources */,
				0777B54A184DDE3C00842DBA /* SoCMViewControllerCommonBase.m in Sources */,
				074C971B18798B1700ED0CB8 /* FCACropTypeCell.m in Sources */,
				07C5F54D18792A1F005A2B5A /* FCACaclulatorTableViewController.m in Sources */,
				079E84101861799D003309B6 /* FCAManureQualityViewController.m in Sources */,
				077DE124187A9DB800FB08A8 /* FCASeasonCell.m in Sources */,
				070F18E418574C9D0008FA19 /* FCAFieldsViewController.m in Sources */,
				07EACC1B1848689700D6A59E /* SoCMViewController.m in Sources */,
				071CF201185F0C4E00F0224B /* Field.m in Sources */,
				071CF1FD185F0C4D00F0224B /* ManureQuality.m in Sources */,
				071CF20D185F0C4E00F0224B /* CropType.m in Sources */,
				07345139184DC316004FBC1E /* SoCMAboutViewController-iPhone.m in Sources */,
				072B83B518576D7B00339018 /* FCAFieldInfoTableViewController.m in Sources */,
				07B7E281185611FA00B90F61 /* UIImageUOPCategory.m in Sources */,
				071CF1D7185EF7EB00F0224B /* Model.xcdatamodeld in Sources */,
				07C3FC1A186049EC007C7442 /* FCADateStringCell.m in Sources */,
				078B278618519AB000E78747 /* FCADataModel.m in Sources */,
				07B7E28C185612AA00B90F61 /* PhotoViewController.m in Sources */,
				070F18E9185762990008FA19 /* FCAFieldCell.m in Sources */,
				079E840D1861798D003309B6 /* FCAManureTypeViewController.m in Sources */,
				0752D4D9187F09D600803090 /* FCADisclaimerViewController.m in Sources */,
				074C971818798B0300ED0CB8 /* FCASoilTypeCell.m in Sources */,
				0717179C189E589D00BD6C82 /* FCAAboutViewController.m in Sources */,
				073028C6185F6ADE00DFD9F9 /* FCADatePickerCell.m in Sources */,
				07609F64185B04A000177718 /* FCASpreadingEventCell.m in Sources */,
				07EACC0E1848689700D6A59E /* main.m in Sources */,
				07B7E285185611FA00B90F61 /* NSString+OOTY.m in Sources */,
				07B7E283185611FA00B90F61 /* NSDate+NSDateUOPCategory.m in Sources */,
				07B7E287185611FA00B90F61 /* UIScreen+OOTY.m in Sources */,
				07609F69185B0C4E00177718 /* FCASpreadingEventDetailsTableViewController.m in Sources */,
				07609F5F185B013E00177718 /* FCASpreadingEventViewController.m in Sources */,
				07609F6E185B0CE400177718 /* FCASpreadingEventSummaryTableViewController.m in Sources */,
				077B8408185B78F700D0F002 /* FCADatePickerViewController.m in Sources */,
				071CF211185F0C4E00F0224B /* SoilType.m in Sources */,
				071CF205185F0C4E00F0224B /* ManureType.m in Sources */,
			);
			runOnlyForDeploymentPostprocessing = 0;
		};
		07EACC1E1848689700D6A59E /* Sources */ = {
			isa = PBXSourcesBuildPhase;
			buildActionMask = 2147483647;
			files = (
				07EACC301848689700D6A59E /* FarmKrappAppTests.m in Sources */,
				0777B54B184DDE3C00842DBA /* SoCMViewControllerCommonBase.m in Sources */,
				07B7E286185611FA00B90F61 /* NSString+OOTY.m in Sources */,
				07B7E282185611FA00B90F61 /* UIImageUOPCategory.m in Sources */,
				07B7E280185611FA00B90F61 /* NSBundleUOPCategory.m in Sources */,
				07BC263D1872A37E00BE3D50 /* NSDate+FCADateAndSeason.m in Sources */,
				07FF4DFD185C690500825A8B /* SoCMAppDelegate.m in Sources */,
				071CF202185F0C4E00F0224B /* Field.m in Sources */,
				071CF206185F0C4E00F0224B /* ManureType.m in Sources */,
				07B21FE718D5EDE000419DE9 /* SpreadingEvent.m in Sources */,
				071CF20E185F0C4E00F0224B /* CropType.m in Sources */,
				078B278718519AB000E78747 /* FCADataModel.m in Sources */,
				071CF1D8185EF7EB00F0224B /* Model.xcdatamodeld in Sources */,
				07B7E284185611FA00B90F61 /* NSDate+NSDateUOPCategory.m in Sources */,
				07B7E288185611FA00B90F61 /* UIScreen+OOTY.m in Sources */,
				071CF212185F0C4E00F0224B /* SoilType.m in Sources */,
				071CF1FE185F0C4D00F0224B /* ManureQuality.m in Sources */,
			);
			runOnlyForDeploymentPostprocessing = 0;
		};
/* End PBXSourcesBuildPhase section */

/* Begin PBXTargetDependency section */
		07EACC281848689700D6A59E /* PBXTargetDependency */ = {
			isa = PBXTargetDependency;
			target = 07EACBFD1848689700D6A59E /* FarmCrapApp */;
			targetProxy = 07EACC271848689700D6A59E /* PBXContainerItemProxy */;
		};
/* End PBXTargetDependency section */

/* Begin PBXVariantGroup section */
		07EACC0A1848689700D6A59E /* InfoPlist.strings */ = {
			isa = PBXVariantGroup;
			children = (
				07EACC0B1848689700D6A59E /* en */,
			);
			name = InfoPlist.strings;
			sourceTree = "<group>";
		};
		07EACC131848689700D6A59E /* Main_iPhone.storyboard */ = {
			isa = PBXVariantGroup;
			children = (
				07EACC141848689700D6A59E /* Base */,
			);
			name = Main_iPhone.storyboard;
			sourceTree = "<group>";
		};
		07EACC161848689700D6A59E /* Main_iPad.storyboard */ = {
			isa = PBXVariantGroup;
			children = (
				07EACC171848689700D6A59E /* Base */,
			);
			name = Main_iPad.storyboard;
			sourceTree = "<group>";
		};
		07EACC2C1848689700D6A59E /* InfoPlist.strings */ = {
			isa = PBXVariantGroup;
			children = (
				07EACC2D1848689700D6A59E /* en */,
			);
			name = InfoPlist.strings;
			sourceTree = "<group>";
		};
/* End PBXVariantGroup section */

/* Begin XCBuildConfiguration section */
		07EACC311848689700D6A59E /* Debug */ = {
			isa = XCBuildConfiguration;
			buildSettings = {
				ALWAYS_SEARCH_USER_PATHS = NO;
				CLANG_CXX_LANGUAGE_STANDARD = "gnu++0x";
				CLANG_CXX_LIBRARY = "libc++";
				CLANG_ENABLE_MODULES = YES;
				CLANG_ENABLE_OBJC_ARC = YES;
				CLANG_WARN_BOOL_CONVERSION = YES;
				CLANG_WARN_CONSTANT_CONVERSION = YES;
				CLANG_WARN_DIRECT_OBJC_ISA_USAGE = YES_ERROR;
				CLANG_WARN_EMPTY_BODY = YES;
				CLANG_WARN_ENUM_CONVERSION = YES;
				CLANG_WARN_INT_CONVERSION = YES;
				CLANG_WARN_OBJC_ROOT_CLASS = YES_ERROR;
				CLANG_WARN__DUPLICATE_METHOD_MATCH = YES;
				"CODE_SIGN_IDENTITY[sdk=iphoneos*]" = "iPhone Developer";
				COPY_PHASE_STRIP = NO;
				GCC_C_LANGUAGE_STANDARD = gnu99;
				GCC_DYNAMIC_NO_PIC = NO;
				GCC_OPTIMIZATION_LEVEL = 0;
				GCC_PREPROCESSOR_DEFINITIONS = (
					"DEBUG=1",
					"$(inherited)",
				);
				GCC_SYMBOLS_PRIVATE_EXTERN = NO;
				GCC_WARN_64_TO_32_BIT_CONVERSION = YES;
				GCC_WARN_ABOUT_RETURN_TYPE = YES_ERROR;
				GCC_WARN_UNDECLARED_SELECTOR = YES;
				GCC_WARN_UNINITIALIZED_AUTOS = YES;
				GCC_WARN_UNUSED_FUNCTION = YES;
				GCC_WARN_UNUSED_VARIABLE = YES;
				IPHONEOS_DEPLOYMENT_TARGET = 6.1;
				ONLY_ACTIVE_ARCH = YES;
				SDKROOT = iphoneos;
				TARGETED_DEVICE_FAMILY = "1,2";
			};
			name = Debug;
		};
		07EACC321848689700D6A59E /* Release */ = {
			isa = XCBuildConfiguration;
			buildSettings = {
				ALWAYS_SEARCH_USER_PATHS = NO;
				CLANG_CXX_LANGUAGE_STANDARD = "gnu++0x";
				CLANG_CXX_LIBRARY = "libc++";
				CLANG_ENABLE_MODULES = YES;
				CLANG_ENABLE_OBJC_ARC = YES;
				CLANG_WARN_BOOL_CONVERSION = YES;
				CLANG_WARN_CONSTANT_CONVERSION = YES;
				CLANG_WARN_DIRECT_OBJC_ISA_USAGE = YES_ERROR;
				CLANG_WARN_EMPTY_BODY = YES;
				CLANG_WARN_ENUM_CONVERSION = YES;
				CLANG_WARN_INT_CONVERSION = YES;
				CLANG_WARN_OBJC_ROOT_CLASS = YES_ERROR;
				CLANG_WARN__DUPLICATE_METHOD_MATCH = YES;
				"CODE_SIGN_IDENTITY[sdk=iphoneos*]" = "iPhone Developer";
				COPY_PHASE_STRIP = YES;
				ENABLE_NS_ASSERTIONS = NO;
				GCC_C_LANGUAGE_STANDARD = gnu99;
				GCC_WARN_64_TO_32_BIT_CONVERSION = YES;
				GCC_WARN_ABOUT_RETURN_TYPE = YES_ERROR;
				GCC_WARN_UNDECLARED_SELECTOR = YES;
				GCC_WARN_UNINITIALIZED_AUTOS = YES;
				GCC_WARN_UNUSED_FUNCTION = YES;
				GCC_WARN_UNUSED_VARIABLE = YES;
				IPHONEOS_DEPLOYMENT_TARGET = 6.1;
				SDKROOT = iphoneos;
				TARGETED_DEVICE_FAMILY = "1,2";
				VALIDATE_PRODUCT = YES;
			};
			name = Release;
		};
		07EACC341848689700D6A59E /* Debug */ = {
			isa = XCBuildConfiguration;
			buildSettings = {
				ASSETCATALOG_COMPILER_APPICON_NAME = AppIcon;
				ASSETCATALOG_COMPILER_LAUNCHIMAGE_NAME = LaunchImage;
				CODE_SIGN_IDENTITY = "iPhone Developer";
				"CODE_SIGN_IDENTITY[sdk=iphoneos*]" = "iPhone Developer";
				GCC_PRECOMPILE_PREFIX_HEADER = YES;
				GCC_PREFIX_HEADER = "FarmKrappApp/FarmCrapApp-Prefix.pch";
				INFOPLIST_FILE = "FarmKrappApp/FarmCrapApp-Info.plist";
				IPHONEOS_DEPLOYMENT_TARGET = 6.1;
				PRODUCT_NAME = FarmCrapApp;
				PROVISIONING_PROFILE = "";
				WRAPPER_EXTENSION = app;
			};
			name = Debug;
		};
		07EACC351848689700D6A59E /* Release */ = {
			isa = XCBuildConfiguration;
			buildSettings = {
				ASSETCATALOG_COMPILER_APPICON_NAME = AppIcon;
				ASSETCATALOG_COMPILER_LAUNCHIMAGE_NAME = LaunchImage;
				CODE_SIGN_IDENTITY = "iPhone Developer";
				"CODE_SIGN_IDENTITY[sdk=iphoneos*]" = "iPhone Developer";
				GCC_PRECOMPILE_PREFIX_HEADER = YES;
				GCC_PREFIX_HEADER = "FarmKrappApp/FarmCrapApp-Prefix.pch";
				INFOPLIST_FILE = "FarmKrappApp/FarmCrapApp-Info.plist";
				IPHONEOS_DEPLOYMENT_TARGET = 6.1;
				PRODUCT_NAME = FarmCrapApp;
				PROVISIONING_PROFILE = "379ADE18-CC55-4F04-B14E-9A2BDDF6EFA9";
				WRAPPER_EXTENSION = app;
			};
			name = Release;
		};
		07EACC371848689700D6A59E /* Debug */ = {
			isa = XCBuildConfiguration;
			buildSettings = {
				BUNDLE_LOADER = "$(BUILT_PRODUCTS_DIR)/FarmKrappApp.app/FarmKrappApp";
				FRAMEWORK_SEARCH_PATHS = (
					"$(SDKROOT)/Developer/Library/Frameworks",
					"$(inherited)",
					"$(DEVELOPER_FRAMEWORKS_DIR)",
				);
				GCC_PRECOMPILE_PREFIX_HEADER = YES;
				GCC_PREFIX_HEADER = "FarmKrappApp/FarmKrappApp-Prefix.pch";
				GCC_PREPROCESSOR_DEFINITIONS = (
					"DEBUG=1",
					"$(inherited)",
				);
				INFOPLIST_FILE = "FarmKrappAppTests/FarmCrapAppTests-Info.plist";
				PRODUCT_NAME = FarmCrapAppTests;
				TEST_HOST = "$(BUNDLE_LOADER)";
				WRAPPER_EXTENSION = xctest;
			};
			name = Debug;
		};
		07EACC381848689700D6A59E /* Release */ = {
			isa = XCBuildConfiguration;
			buildSettings = {
				BUNDLE_LOADER = "$(BUILT_PRODUCTS_DIR)/FarmKrappApp.app/FarmKrappApp";
				FRAMEWORK_SEARCH_PATHS = (
					"$(SDKROOT)/Developer/Library/Frameworks",
					"$(inherited)",
					"$(DEVELOPER_FRAMEWORKS_DIR)",
				);
				GCC_PRECOMPILE_PREFIX_HEADER = YES;
				GCC_PREFIX_HEADER = "FarmKrappApp/FarmKrappApp-Prefix.pch";
				INFOPLIST_FILE = "FarmKrappAppTests/FarmCrapAppTests-Info.plist";
				PRODUCT_NAME = FarmCrapAppTests;
				TEST_HOST = "$(BUNDLE_LOADER)";
				WRAPPER_EXTENSION = xctest;
			};
			name = Release;
		};
/* End XCBuildConfiguration section */

/* Begin XCConfigurationList section */
		07EACBF91848689700D6A59E /* Build configuration list for PBXProject "FarmCrapApp" */ = {
			isa = XCConfigurationList;
			buildConfigurations = (
				07EACC311848689700D6A59E /* Debug */,
				07EACC321848689700D6A59E /* Release */,
			);
			defaultConfigurationIsVisible = 0;
			defaultConfigurationName = Release;
		};
		07EACC331848689700D6A59E /* Build configuration list for PBXNativeTarget "FarmCrapApp" */ = {
			isa = XCConfigurationList;
			buildConfigurations = (
				07EACC341848689700D6A59E /* Debug */,
				07EACC351848689700D6A59E /* Release */,
			);
			defaultConfigurationIsVisible = 0;
			defaultConfigurationName = Release;
		};
		07EACC361848689700D6A59E /* Build configuration list for PBXNativeTarget "FarmCrapAppTests" */ = {
			isa = XCConfigurationList;
			buildConfigurations = (
				07EACC371848689700D6A59E /* Debug */,
				07EACC381848689700D6A59E /* Release */,
			);
			defaultConfigurationIsVisible = 0;
			defaultConfigurationName = Release;
		};
/* End XCConfigurationList section */

/* Begin XCVersionGroup section */
		071CF1D3185EF7EB00F0224B /* Model.xcdatamodeld */ = {
			isa = XCVersionGroup;
			children = (
				071CF1D4185EF7EB00F0224B /* Model.xcdatamodel */,
			);
			currentVersion = 071CF1D4185EF7EB00F0224B /* Model.xcdatamodel */;
			path = Model.xcdatamodeld;
			sourceTree = "<group>";
			versionGroupType = wrapper.xcdatamodel;
		};
/* End XCVersionGroup section */
	};
	rootObject = 07EACBF61848689700D6A59E /* Project object */;
}
